
Microsoft Visual Studio Solution File, Format Version 12.00
# Visual Studio Version 17
VisualStudioVersion = 17.5.2.0
MinimumVisualStudioVersion = 10.0.40219.1
Project("{2150E333-8FDC-42A3-9474-1A3956D46DE8}") = "src", "src", "{827E0CD3-B72D-47B6-A68D-7590B98EB39B}"
EndProject
Project("{FAE04EC0-301F-11D3-BF4B-00C04F79EFBC}") = "Phorg", "src\Phorg\Phorg.csproj", "{42DABBF7-8B11-BE2C-B315-4B28529143FF}"
EndProject
Project("{FAE04EC0-301F-11D3-BF4B-00C04F79EFBC}") = "Phorg.Core", "src\Phorg.Core\Phorg.Core.csproj", "{10CA0EC4-138A-4C27-8E3B-704F672E521D}"
EndProject
Global
	GlobalSection(SolutionConfigurationPlatforms) = preSolution
		Debug|Any CPU = Debug|Any CPU
		Debug|x64 = Debug|x64
		Debug|x86 = Debug|x86
		Release|Any CPU = Release|Any CPU
		Release|x64 = Release|x64
		Release|x86 = Release|x86
	EndGlobalSection
	GlobalSection(ProjectConfigurationPlatforms) = postSolution
		{42DABBF7-8B11-BE2C-B315-4B28529143FF}.Debug|Any CPU.ActiveCfg = Debug|Any CPU
		{42DABBF7-8B11-BE2C-B315-4B28529143FF}.Debug|Any CPU.Build.0 = Debug|Any CPU
		{42DABBF7-8B11-BE2C-B315-4B28529143FF}.Debug|x64.ActiveCfg = Debug|Any CPU
		{42DABBF7-8B11-BE2C-B315-4B28529143FF}.Debug|x64.Build.0 = Debug|Any CPU
		{42DABBF7-8B11-BE2C-B315-4B28529143FF}.Debug|x86.ActiveCfg = Debug|Any CPU
		{42DABBF7-8B11-BE2C-B315-4B28529143FF}.Debug|x86.Build.0 = Debug|Any CPU
		{42DABBF7-8B11-BE2C-B315-4B28529143FF}.Release|Any CPU.ActiveCfg = Release|Any CPU
		{42DABBF7-8B11-BE2C-B315-4B28529143FF}.Release|Any CPU.Build.0 = Release|Any CPU
		{42DABBF7-8B11-BE2C-B315-4B28529143FF}.Release|x64.ActiveCfg = Release|Any CPU
		{42DABBF7-8B11-BE2C-B315-4B28529143FF}.Release|x64.Build.0 = Release|Any CPU
		{42DABBF7-8B11-BE2C-B315-4B28529143FF}.Release|x86.ActiveCfg = Release|Any CPU
		{42DABBF7-8B11-BE2C-B315-4B28529143FF}.Release|x86.Build.0 = Release|Any CPU
		{10CA0EC4-138A-4C27-8E3B-704F672E521D}.Debug|Any CPU.ActiveCfg = Debug|Any CPU
		{10CA0EC4-138A-4C27-8E3B-704F672E521D}.Debug|Any CPU.Build.0 = Debug|Any CPU
		{10CA0EC4-138A-4C27-8E3B-704F672E521D}.Debug|x64.ActiveCfg = Debug|Any CPU
		{10CA0EC4-138A-4C27-8E3B-704F672E521D}.Debug|x64.Build.0 = Debug|Any CPU
		{10CA0EC4-138A-4C27-8E3B-704F672E521D}.Debug|x86.ActiveCfg = Debug|Any CPU
		{10CA0EC4-138A-4C27-8E3B-704F672E521D}.Debug|x86.Build.0 = Debug|Any CPU
		{10CA0EC4-138A-4C27-8E3B-704F672E521D}.Release|Any CPU.ActiveCfg = Release|Any CPU
		{10CA0EC4-138A-4C27-8E3B-704F672E521D}.Release|Any CPU.Build.0 = Release|Any CPU
		{10CA0EC4-138A-4C27-8E3B-704F672E521D}.Release|x64.ActiveCfg = Release|Any CPU
		{10CA0EC4-138A-4C27-8E3B-704F672E521D}.Release|x64.Build.0 = Release|Any CPU
		{10CA0EC4-138A-4C27-8E3B-704F672E521D}.Release|x86.ActiveCfg = Release|Any CPU
		{10CA0EC4-138A-4C27-8E3B-704F672E521D}.Release|x86.Build.0 = Release|Any CPU
	EndGlobalSection
	GlobalSection(SolutionProperties) = preSolution
		HideSolutionNode = FALSE
	EndGlobalSection
	GlobalSection(NestedProjects) = preSolution
		{42DABBF7-8B11-BE2C-B315-4B28529143FF} = {827E0CD3-B72D-47B6-A68D-7590B98EB39B}
		{10CA0EC4-138A-4C27-8E3B-704F672E521D} = {827E0CD3-B72D-47B6-A68D-7590B98EB39B}
	EndGlobalSection
	GlobalSection(ExtensibilityGlobals) = postSolution
		SolutionGuid = {3A249631-DBA4-4614-82B5-CB7D09E3B371}
	EndGlobalSection
EndGlobal
